{
    "version": 3,
    "terraform_version": "0.10.8",
    "serial": 1,
    "lineage": "3b52e738-ae7b-43a9-922b-9dbf786ad1c9",
    "modules": [
        {
            "path": [
                "root"
            ],
            "outputs": {},
            "resources": {},
            "depends_on": []
        },
        {
            "path": [
                "root",
                "app"
            ],
            "outputs": {},
            "resources": {
                "aws_s3_bucket.website": {
                    "type": "aws_s3_bucket",
                    "depends_on": [
                        "data.aws_iam_policy_document.website_bucket_policy"
                    ],
                    "primary": {
                        "id": "dev.codeblink.com",
                        "attributes": {
                            "acceleration_status": "",
                            "acl": "private",
                            "arn": "arn:aws:s3:::dev.codeblink.com",
                            "bucket": "dev.codeblink.com",
                            "bucket_domain_name": "dev.codeblink.com.s3.amazonaws.com",
                            "force_destroy": "false",
                            "hosted_zone_id": "Z3AQBSTGFYJSTF",
                            "id": "dev.codeblink.com",
                            "logging.#": "0",
                            "policy": "{\"Statement\":[{\"Action\":\"s3:GetObject\",\"Effect\":\"Allow\",\"Principal\":\"*\",\"Resource\":\"arn:aws:s3:::dev.codeblink.com/*\",\"Sid\":\"\"}],\"Version\":\"2012-10-17\"}",
                            "region": "us-east-1",
                            "request_payer": "BucketOwner",
                            "tags.%": "0",
                            "versioning.#": "1",
                            "versioning.0.enabled": "false",
                            "versioning.0.mfa_delete": "false",
                            "website.#": "1",
                            "website.0.error_document": "",
                            "website.0.index_document": "index.html",
                            "website.0.redirect_all_requests_to": "",
                            "website.0.routing_rules": "",
                            "website_domain": "s3-website-us-east-1.amazonaws.com",
                            "website_endpoint": "dev.codeblink.com.s3-website-us-east-1.amazonaws.com"
                        },
                        "meta": {},
                        "tainted": false
                    },
                    "deposed": [],
                    "provider": ""
                },
                "data.aws_iam_policy_document.website_bucket_policy": {
                    "type": "aws_iam_policy_document",
                    "depends_on": [],
                    "primary": {
                        "id": "2924602390",
                        "attributes": {
                            "id": "2924602390",
                            "json": "{\n  \"Version\": \"2012-10-17\",\n  \"Statement\": [\n    {\n      \"Sid\": \"\",\n      \"Effect\": \"Allow\",\n      \"Action\": \"s3:GetObject\",\n      \"Resource\": \"arn:aws:s3:::dev.codeblink.com/*\",\n      \"Principal\": \"*\"\n    }\n  ]\n}",
                            "statement.#": "1",
                            "statement.0.actions.#": "1",
                            "statement.0.actions.2071725391": "s3:GetObject",
                            "statement.0.condition.#": "0",
                            "statement.0.effect": "Allow",
                            "statement.0.not_actions.#": "0",
                            "statement.0.not_principals.#": "0",
                            "statement.0.not_resources.#": "0",
                            "statement.0.principals.#": "1",
                            "statement.0.principals.1372577255.identifiers.#": "1",
                            "statement.0.principals.1372577255.identifiers.2679715827": "*",
                            "statement.0.principals.1372577255.type": "*",
                            "statement.0.resources.#": "1",
                            "statement.0.resources.1690256960": "arn:aws:s3:::dev.codeblink.com/*",
                            "statement.0.sid": ""
                        },
                        "meta": {},
                        "tainted": false
                    },
                    "deposed": [],
                    "provider": ""
                },
                "data.aws_route53_zone.domain": {
                    "type": "aws_route53_zone",
                    "depends_on": [],
                    "primary": {
                        "id": "ZME0A4ONMIGR8",
                        "attributes": {
                            "caller_reference": "9B52C9B9-1629-0D2D-969E-29144A4784BC",
                            "comment": "",
                            "id": "ZME0A4ONMIGR8",
                            "name": "codeblink.com.",
                            "private_zone": "false",
                            "resource_record_set_count": "2",
                            "zone_id": "ZME0A4ONMIGR8"
                        },
                        "meta": {},
                        "tainted": false
                    },
                    "deposed": [],
                    "provider": ""
                }
            },
            "depends_on": []
        }
    ]
}
